{
  "version": "3",
  "remote": {
    "https://deno.land/std@0.224.0/assert/_constants.ts": "a271e8ef5a573f1df8e822a6eb9d09df064ad66a4390f21b3e31f820a38e0975",
    "https://deno.land/std@0.224.0/assert/assert.ts": "09d30564c09de846855b7b071e62b5974b001bb72a4b797958fe0660e7849834",
    "https://deno.land/std@0.224.0/assert/assert_almost_equals.ts": "9e416114322012c9a21fa68e187637ce2d7df25bcbdbfd957cd639e65d3cf293",
    "https://deno.land/std@0.224.0/assert/assert_array_includes.ts": "14c5094471bc8e4a7895fc6aa5a184300d8a1879606574cb1cd715ef36a4a3c7",
    "https://deno.land/std@0.224.0/assert/assert_equals.ts": "3bbca947d85b9d374a108687b1a8ba3785a7850436b5a8930d81f34a32cb8c74",
    "https://deno.land/std@0.224.0/assert/assert_exists.ts": "43420cf7f956748ae6ed1230646567b3593cb7a36c5a5327269279c870c5ddfd",
    "https://deno.land/std@0.224.0/assert/assert_false.ts": "3e9be8e33275db00d952e9acb0cd29481a44fa0a4af6d37239ff58d79e8edeff",
    "https://deno.land/std@0.224.0/assert/assert_greater.ts": "5e57b201fd51b64ced36c828e3dfd773412c1a6120c1a5a99066c9b261974e46",
    "https://deno.land/std@0.224.0/assert/assert_greater_or_equal.ts": "9870030f997a08361b6f63400273c2fb1856f5db86c0c3852aab2a002e425c5b",
    "https://deno.land/std@0.224.0/assert/assert_instance_of.ts": "e22343c1fdcacfaea8f37784ad782683ec1cf599ae9b1b618954e9c22f376f2c",
    "https://deno.land/std@0.224.0/assert/assert_is_error.ts": "f856b3bc978a7aa6a601f3fec6603491ab6255118afa6baa84b04426dd3cc491",
    "https://deno.land/std@0.224.0/assert/assert_less.ts": "60b61e13a1982865a72726a5fa86c24fad7eb27c3c08b13883fb68882b307f68",
    "https://deno.land/std@0.224.0/assert/assert_less_or_equal.ts": "d2c84e17faba4afe085e6c9123a63395accf4f9e00150db899c46e67420e0ec3",
    "https://deno.land/std@0.224.0/assert/assert_match.ts": "ace1710dd3b2811c391946954234b5da910c5665aed817943d086d4d4871a8b7",
    "https://deno.land/std@0.224.0/assert/assert_not_equals.ts": "78d45dd46133d76ce624b2c6c09392f6110f0df9b73f911d20208a68dee2ef29",
    "https://deno.land/std@0.224.0/assert/assert_not_instance_of.ts": "3434a669b4d20cdcc5359779301a0588f941ffdc2ad68803c31eabdb4890cf7a",
    "https://deno.land/std@0.224.0/assert/assert_not_match.ts": "df30417240aa2d35b1ea44df7e541991348a063d9ee823430e0b58079a72242a",
    "https://deno.land/std@0.224.0/assert/assert_not_strict_equals.ts": "37f73880bd672709373d6dc2c5f148691119bed161f3020fff3548a0496f71b8",
    "https://deno.land/std@0.224.0/assert/assert_object_match.ts": "411450fd194fdaabc0089ae68f916b545a49d7b7e6d0026e84a54c9e7eed2693",
    "https://deno.land/std@0.224.0/assert/assert_rejects.ts": "4bee1d6d565a5b623146a14668da8f9eb1f026a4f338bbf92b37e43e0aa53c31",
    "https://deno.land/std@0.224.0/assert/assert_strict_equals.ts": "b4f45f0fd2e54d9029171876bd0b42dd9ed0efd8f853ab92a3f50127acfa54f5",
    "https://deno.land/std@0.224.0/assert/assert_string_includes.ts": "496b9ecad84deab72c8718735373feb6cdaa071eb91a98206f6f3cb4285e71b8",
    "https://deno.land/std@0.224.0/assert/assert_throws.ts": "c6508b2879d465898dab2798009299867e67c570d7d34c90a2d235e4553906eb",
    "https://deno.land/std@0.224.0/assert/assertion_error.ts": "ba8752bd27ebc51f723702fac2f54d3e94447598f54264a6653d6413738a8917",
    "https://deno.land/std@0.224.0/assert/equal.ts": "bddf07bb5fc718e10bb72d5dc2c36c1ce5a8bdd3b647069b6319e07af181ac47",
    "https://deno.land/std@0.224.0/assert/fail.ts": "0eba674ffb47dff083f02ced76d5130460bff1a9a68c6514ebe0cdea4abadb68",
    "https://deno.land/std@0.224.0/assert/mod.ts": "48b8cb8a619ea0b7958ad7ee9376500fe902284bb36f0e32c598c3dc34cbd6f3",
    "https://deno.land/std@0.224.0/assert/unimplemented.ts": "8c55a5793e9147b4f1ef68cd66496b7d5ba7a9e7ca30c6da070c1a58da723d73",
    "https://deno.land/std@0.224.0/assert/unreachable.ts": "5ae3dbf63ef988615b93eb08d395dda771c96546565f9e521ed86f6510c29e19",
    "https://deno.land/std@0.224.0/fmt/colors.ts": "508563c0659dd7198ba4bbf87e97f654af3c34eb56ba790260f252ad8012e1c5",
    "https://deno.land/std@0.224.0/internal/diff.ts": "6234a4b493ebe65dc67a18a0eb97ef683626a1166a1906232ce186ae9f65f4e6",
    "https://deno.land/std@0.224.0/internal/format.ts": "0a98ee226fd3d43450245b1844b47003419d34d210fa989900861c79820d21c2",
    "https://deno.land/std@0.224.0/internal/mod.ts": "534125398c8e7426183e12dc255bb635d94e06d0f93c60a297723abe69d3b22e",
    "https://esm.sh/@turf/turf@6.5.0": "1b89eb65070928dd870eb2317386f35192ccc1145242946ba7725432eb5fe547",
    "https://esm.sh/ol@7.2.2/format": "a6a496f1806e045c78079d52d01a0d9cd75e10620c02619852867f9d0ab99020",
    "https://esm.sh/v135/@turf/along@6.5.0/denonext/along.mjs": "c0b37a23533598d200708d3f036820ac40979b430b5f0bc28611a7348e2a7c94",
    "https://esm.sh/v135/@turf/angle@6.5.0/denonext/angle.mjs": "347a7b8ad0bd322092d0625bc59e19df1fa066f78f51182c22d070eb705a0e20",
    "https://esm.sh/v135/@turf/area@6.5.0/denonext/area.mjs": "d18a1d9118c7c82103587b5d305dce399992190fe3bb40c9bd7b1333b4044cbd",
    "https://esm.sh/v135/@turf/bbox-clip@6.5.0/denonext/bbox-clip.mjs": "a9a869ba0a1aae0f4a0506c5ae97486bc43ba3c9ba56284c6e280a523b1f5049",
    "https://esm.sh/v135/@turf/bbox-polygon@6.5.0/denonext/bbox-polygon.mjs": "e0c14fb6b9271cc4823aa092788207ec1c38371e720c24e89631521fd0c5a13e",
    "https://esm.sh/v135/@turf/bbox@6.5.0/denonext/bbox.mjs": "d9f881969cd1a46e4e4a5782b2cfa0081edd10032e242bc4dcdab6c0a946bf70",
    "https://esm.sh/v135/@turf/bearing@6.5.0/denonext/bearing.mjs": "0db7b0ecc9fe9c5aa558bcfa5c58752efab0f2ea1224d80acc389638d71e9f0e",
    "https://esm.sh/v135/@turf/bezier-spline@6.5.0/denonext/bezier-spline.mjs": "7e12fe31e23cf8c9600b5960512c0275e3a600686ad55ecb6bd1dfd66f0951dd",
    "https://esm.sh/v135/@turf/boolean-clockwise@6.5.0/denonext/boolean-clockwise.mjs": "9ed2bff03477531c639cb47eca16c71b8683912b77b1aa096e87af823bd3e317",
    "https://esm.sh/v135/@turf/boolean-contains@6.5.0/denonext/boolean-contains.mjs": "01cc81355748524e9ff8497dd7a3717ce721e9d9b47251968a7210e03741e922",
    "https://esm.sh/v135/@turf/boolean-crosses@6.5.0/denonext/boolean-crosses.mjs": "c5f7118dcf06c5bd9bdb338cd3906e10bb2ef694b589a75e1618dd067b718eef",
    "https://esm.sh/v135/@turf/boolean-disjoint@6.5.0/denonext/boolean-disjoint.mjs": "f0ecc7b2b1eafeb52407eafe6c5eb5592cdbcb58ab2371816a0dcbe35c465c49",
    "https://esm.sh/v135/@turf/boolean-equal@6.5.0/denonext/boolean-equal.mjs": "b1e77fbeae4c710d9b20d99002105dcb4f2410b11f5de07805595efd825b6f8f",
    "https://esm.sh/v135/@turf/boolean-intersects@6.5.0/denonext/boolean-intersects.mjs": "4e1b9aa531c740277ed19646e8b28c9b8e6a5fadd5bc87f466cb36d85cf1e40f",
    "https://esm.sh/v135/@turf/boolean-overlap@6.5.0/denonext/boolean-overlap.mjs": "a07f237f4de9000a663f388cdab9749f5793fb49d2e370138e17ff44b24e683c",
    "https://esm.sh/v135/@turf/boolean-parallel@6.5.0/denonext/boolean-parallel.mjs": "6d23413e79192117b97164142016008e3181dfc4e01bbefe039bacefa8271516",
    "https://esm.sh/v135/@turf/boolean-point-in-polygon@6.5.0/denonext/boolean-point-in-polygon.mjs": "63335e75131889fe08ab46b0a625096f679eb22835e5ea801415245c1f631af7",
    "https://esm.sh/v135/@turf/boolean-point-on-line@6.5.0/denonext/boolean-point-on-line.mjs": "c53da4804e447f3d5e7902e30442cb4ed0754bfcfb20435a27987bcd886ef6bb",
    "https://esm.sh/v135/@turf/boolean-within@6.5.0/denonext/boolean-within.mjs": "6c233c2643c76e1a8b66a8494a71c019466388d20495d54519944b34c8493aa8",
    "https://esm.sh/v135/@turf/buffer@6.5.0/denonext/buffer.mjs": "338c6f12d133779f216a55c91efcc5ca99389cb20949665c5f01717908453723",
    "https://esm.sh/v135/@turf/center-mean@6.5.0/denonext/center-mean.mjs": "1c199fb505bfaaf6198b1702b445245c0d59a4b6a6c8a518a7ed5550d328125d",
    "https://esm.sh/v135/@turf/center-median@6.5.0/denonext/center-median.mjs": "2bd75553a8caf43ec099ecd79c2d65bfad726a6b4c25bd8812da7ac36041d27d",
    "https://esm.sh/v135/@turf/center-of-mass@6.5.0/denonext/center-of-mass.mjs": "d71813321e5271e6faa1a8595934a6f2c7ae504ccb8f43a0a428a9315085de08",
    "https://esm.sh/v135/@turf/center@6.5.0/denonext/center.mjs": "47c5539c23f71ae4c3e437fc60fa9c667834db9d14adc31ac1a09d81f6c04823",
    "https://esm.sh/v135/@turf/centroid@6.5.0/denonext/centroid.mjs": "6bc08fb561a2a0f25e98d97441416c89c23cc085189dee9aa8284e4b34ca3b53",
    "https://esm.sh/v135/@turf/circle@6.5.0/denonext/circle.mjs": "21a878a0e85cd9e6833092ddef2f848df9faa6008e65fb8a9a742179a4279602",
    "https://esm.sh/v135/@turf/clean-coords@6.5.0/denonext/clean-coords.mjs": "672cfc16de8422094d8d13d7b44219dd61cf7c91c527c3030b158caed9a0d662",
    "https://esm.sh/v135/@turf/clone@6.5.0/denonext/clone.mjs": "f9dcf99c95e00476bb006f9ac2aaa5ebaa3c2360002869c1dbae9ba708a08071",
    "https://esm.sh/v135/@turf/clusters-dbscan@6.5.0/denonext/clusters-dbscan.mjs": "26d09f973a4cd3ae09adcf1b2797ad9758bd36a59ca090f39758ac7ace1ed203",
    "https://esm.sh/v135/@turf/clusters-kmeans@6.5.0/denonext/clusters-kmeans.mjs": "e35292a4e52e670dd21ad9b50076b00932ab0c50ac39315b275dfaed5e12315f",
    "https://esm.sh/v135/@turf/clusters@6.5.0/denonext/clusters.mjs": "ef11f212d297a0a6cd0e8c0de2428bb80368e6745e7d5eb8d4481fc5ca3d13e6",
    "https://esm.sh/v135/@turf/collect@6.5.0/denonext/collect.mjs": "88895551fd8d92a5b8c790a2e330f9f5f7db62acc9148c4bc0f4063061e42fc3",
    "https://esm.sh/v135/@turf/combine@6.5.0/denonext/combine.mjs": "4f98ea82ec46976b2226784b577ddf5c2c12024b0568cd2d7cbfc23667d640df",
    "https://esm.sh/v135/@turf/concave@6.5.0/denonext/concave.mjs": "3bf996fa4e7e676df65f3ac547dd28e5c3831b0cedeb94fc49a5f34b04f6f08a",
    "https://esm.sh/v135/@turf/convex@6.5.0/denonext/convex.mjs": "a1a2daa34ac6056d8d31d2c573b94ecd52a4e94b8f3c58821d3e0b47ba450604",
    "https://esm.sh/v135/@turf/destination@6.5.0/denonext/destination.mjs": "af383025dd64c14075018eb4a31c89f9fbec0839ea3592cd963772a03c1b0e07",
    "https://esm.sh/v135/@turf/difference@6.5.0/denonext/difference.mjs": "f73da38a05e38369d60897ffdf37a0a36e835078570f94ea39a0beb803b4d89b",
    "https://esm.sh/v135/@turf/dissolve@6.5.0/denonext/dissolve.mjs": "c6e8e63470818ca0e0185dde239088e4c2506f8e18b45efeed330131f7ad09da",
    "https://esm.sh/v135/@turf/distance-weight@6.5.0/denonext/distance-weight.mjs": "daf08e414584d0f1925b79a104b69f392dabc43357e15795b9002dfe84f75e61",
    "https://esm.sh/v135/@turf/distance@6.5.0/denonext/distance.mjs": "dc9a55e62110018faee7c806ef261cb59bb61799751ab75c01c4bda38c324f3b",
    "https://esm.sh/v135/@turf/ellipse@6.5.0/denonext/ellipse.mjs": "56a5e2e098254336fd38f860ff8f0eea95d7507e5f2132890dc13c69ef8a823e",
    "https://esm.sh/v135/@turf/envelope@6.5.0/denonext/envelope.mjs": "ffdddace9e325d4882a1a5127d00f923d68a7dbf7742289cdbd6fe1c51af676a",
    "https://esm.sh/v135/@turf/explode@6.5.0/denonext/explode.mjs": "e9507c83e2a9c350bf1e54873e77683f99f1c327eff4e4208308f83d4e67168b",
    "https://esm.sh/v135/@turf/flatten@6.5.0/denonext/flatten.mjs": "3a2bfe5400b26f7344ae39afae8572e7710f60ddf6c5e9c8db011e605572ace3",
    "https://esm.sh/v135/@turf/flip@6.5.0/denonext/flip.mjs": "330c16f7c0214cf96d75ed5796740f9b36917b8c75059f16918b2fd7399e2fd3",
    "https://esm.sh/v135/@turf/great-circle@6.5.0/denonext/great-circle.mjs": "69ec097164d27f506b3291a642fad51e664ca1fa90087da3d12ae0088b2c65fe",
    "https://esm.sh/v135/@turf/helpers@6.5.0/denonext/helpers.mjs": "3fdabda7695d541fd0715ed5930ff747f9b2149c917b4530665ac8cc0c769d5c",
    "https://esm.sh/v135/@turf/hex-grid@6.5.0/denonext/hex-grid.mjs": "9ab3357b6e5f41ed228bdb3208a2d0c19903765f2cded6115f6f2eeffd74459d",
    "https://esm.sh/v135/@turf/interpolate@6.5.0/denonext/interpolate.mjs": "c0fca79002a4857f8bb628e7b4b03b8c17044d337f98522bf656f298dac052c7",
    "https://esm.sh/v135/@turf/intersect@6.5.0/denonext/intersect.mjs": "2c4ebfe1133dbefe2d62a663ec20fcfdd7083240a26d7b1b0a6083a2a12c75ec",
    "https://esm.sh/v135/@turf/invariant@6.5.0/denonext/invariant.mjs": "2ee864e3f60c730070d6ead2d68b24a412ae9885234e8fa0346d20b8e159f96e",
    "https://esm.sh/v135/@turf/isobands@6.5.0/denonext/isobands.mjs": "9b3784353e6de5d855f17ce719c8ecf4d840ef55ae4f23f0e926414743613c47",
    "https://esm.sh/v135/@turf/isolines@6.5.0/denonext/isolines.mjs": "2b1214c17eb94a797f0f8f4f017ca97015c1ef5113cdcd9956e6f8226b39987d",
    "https://esm.sh/v135/@turf/kinks@6.5.0/denonext/kinks.mjs": "940436b88165e9033d41e39bee8f802b71d8d628af4040232fa5317aa62f1f02",
    "https://esm.sh/v135/@turf/length@6.5.0/denonext/length.mjs": "f55fc28c207c531427233bad2576f5129966260af66231b2efa219431ccf3139",
    "https://esm.sh/v135/@turf/line-arc@6.5.0/denonext/line-arc.mjs": "0efb05982c720d1f8d4ae3f75cf1138d7cfb91054915062318318034d73be615",
    "https://esm.sh/v135/@turf/line-chunk@6.5.0/denonext/line-chunk.mjs": "a06456864aef25ca4808ff082836dd84e0c70c6f9ce362b27555831c15fc49e4",
    "https://esm.sh/v135/@turf/line-intersect@6.5.0/denonext/line-intersect.mjs": "45ebf8afd2ca89fe086df6cff90dd5a1fa792212f11bfc830950e529e537e3e6",
    "https://esm.sh/v135/@turf/line-offset@6.5.0/denonext/line-offset.mjs": "63d96ef785841631251eb2d81d7f588275796de4f41fbd31890d7ec273778c8e",
    "https://esm.sh/v135/@turf/line-overlap@6.5.0/denonext/line-overlap.mjs": "e8bf9369ab2b6b9f20ed8b71a90e4071215772843ff6115f39778af3abadf742",
    "https://esm.sh/v135/@turf/line-segment@6.5.0/denonext/line-segment.mjs": "347b84d3da5fcfab2199148e47c3e2030a8d796e919de99442c39bf9cc3ed5e6",
    "https://esm.sh/v135/@turf/line-slice-along@6.5.0/denonext/line-slice-along.mjs": "2d31f1da4f81ef5ef3a912450ad780998c4a9bf1c5ed9abf8a6ec7f1cfbca691",
    "https://esm.sh/v135/@turf/line-slice@6.5.0/denonext/line-slice.mjs": "cfb6a7da25b59d26da7927f34acc15ad94b7d8944ad0d8a60280d2deb48c8fc3",
    "https://esm.sh/v135/@turf/line-split@6.5.0/denonext/line-split.mjs": "919e3371b9cb32ba0bbf8640b0eb0b2b16498b8dead6a36eb7bbaeacbb524030",
    "https://esm.sh/v135/@turf/line-to-polygon@6.5.0/denonext/line-to-polygon.mjs": "dd89e1a038e93e4d64b586ee1f101f6c797571675478dab7d77f4458cef10968",
    "https://esm.sh/v135/@turf/mask@6.5.0/denonext/mask.mjs": "8129f2555b98b578a5c0800b42ed393d8859c87104ac1486e653f40b46d145a1",
    "https://esm.sh/v135/@turf/meta@6.5.0/denonext/meta.mjs": "98c5cee45c97143631ed5f9caa2602e98c369318f50157638c5dd21b7a8ac651",
    "https://esm.sh/v135/@turf/midpoint@6.5.0/denonext/midpoint.mjs": "b7fb7e8e03a6cfa07a0f45d70d4c163a799218a0a9da31436b6de6bd2b165a4a",
    "https://esm.sh/v135/@turf/moran-index@6.5.0/denonext/moran-index.mjs": "b5d9fd3cec0e3a8c94de82ade2f5325b8a353875c6ea9a9a8f4b05d802edc4d4",
    "https://esm.sh/v135/@turf/nearest-point-on-line@6.5.0/denonext/nearest-point-on-line.mjs": "427251436ba0d169a53942991dfce9854d93f6104bc8ba1d8863f8297effdbd2",
    "https://esm.sh/v135/@turf/nearest-point-to-line@6.5.0/denonext/nearest-point-to-line.mjs": "d40e58489f09b82898f1adedd263a4300fe2383d8de3aae5cf7d142afd05e796",
    "https://esm.sh/v135/@turf/nearest-point@6.5.0/denonext/nearest-point.mjs": "e5c032667c9065ff3a0f620d7a9d36b707faecbe0066c79de66034bdd0d6ce16",
    "https://esm.sh/v135/@turf/planepoint@6.5.0/denonext/planepoint.mjs": "b31593f36ebbf161b97496c0cb23481cf3c0f98165aedcff1b6b077ad92d8387",
    "https://esm.sh/v135/@turf/point-grid@6.5.0/denonext/point-grid.mjs": "93c2de47b532bcc40bfe9c31de92de73b7cb8df171c934724a5dd93563788e9a",
    "https://esm.sh/v135/@turf/point-on-feature@6.5.0/denonext/point-on-feature.mjs": "7c6b9f5bc0a1ae71a71d5a9df096911d9967eb0749d06f8a088d59b4dd954903",
    "https://esm.sh/v135/@turf/point-to-line-distance@6.5.0/denonext/point-to-line-distance.mjs": "90c3d7ca68fe6131090e8907cf254134274ec188d13364c28bcbf0ef198010ba",
    "https://esm.sh/v135/@turf/points-within-polygon@6.5.0/denonext/points-within-polygon.mjs": "221b31483f8148a5ac593c972cbc35f057c2d3bd46d1dc6c90381843daccf711",
    "https://esm.sh/v135/@turf/polygon-smooth@6.5.0/denonext/polygon-smooth.mjs": "f0db6944e13a4c90c240c75560c72b331d4b187a9c731930fbcd6c41c64f98cc",
    "https://esm.sh/v135/@turf/polygon-tangents@6.5.0/denonext/polygon-tangents.mjs": "ee715e6867e82c7259c12f0e76738e6a1b2f63a23cb1cc2f8921d35be7bab169",
    "https://esm.sh/v135/@turf/polygon-to-line@6.5.0/denonext/polygon-to-line.mjs": "def71f707162d60e3430c38f9e226fe31a827d514dd93186a8c3d09f094d6d29",
    "https://esm.sh/v135/@turf/polygonize@6.5.0/denonext/polygonize.mjs": "8cd73afc31cd9923d9b42162b9dfd39fa6bc76608a8e4e3706e2c74293c3b0c9",
    "https://esm.sh/v135/@turf/projection@6.5.0/denonext/projection.mjs": "059378aa68e968b79fb51ce1b12182b23d4977dd290f4d8004919825a0fa15f3",
    "https://esm.sh/v135/@turf/random@6.5.0/denonext/random.mjs": "588c7408f102c60f483d056601cbfa644ca8677d383e3fb15aba4e6122d14e15",
    "https://esm.sh/v135/@turf/rectangle-grid@6.5.0/denonext/rectangle-grid.mjs": "1aae20e6929d5a1f78fff2b0c786d0500718864bf8fee9a00df40a5f8a7a1b9c",
    "https://esm.sh/v135/@turf/rewind@6.5.0/denonext/rewind.mjs": "da4a3966501efda6c9b8c66ac7757973c017c23f7d2a82cc4c18d3103d901782",
    "https://esm.sh/v135/@turf/rhumb-bearing@6.5.0/denonext/rhumb-bearing.mjs": "6cfd35ce54d44ec5b40fec62f822596296d2134b3132d7330721f23d03c1efae",
    "https://esm.sh/v135/@turf/rhumb-destination@6.5.0/denonext/rhumb-destination.mjs": "933d85cfe92520e58f56246a20bfee6c311ad144cededc16a6632e3e90ccbafc",
    "https://esm.sh/v135/@turf/rhumb-distance@6.5.0/denonext/rhumb-distance.mjs": "56965f42e8a7057acd6c75e40c7a4cac6079c2715dbb95d476e3257695d20653",
    "https://esm.sh/v135/@turf/sample@6.5.0/denonext/sample.mjs": "c26251baab3e7f7e8b4b265aa232e7d6af46c068e90d56f172b6984bc478aae2",
    "https://esm.sh/v135/@turf/sector@6.5.0/denonext/sector.mjs": "92191f7d9fab83c4f2c156b12bf0c1db07df3de3826ae77b725b56e3aaeb873e",
    "https://esm.sh/v135/@turf/shortest-path@6.5.0/denonext/shortest-path.mjs": "47b24ad9135d311859fb716844edb85632157f6c640fe25a87e30ba01a8ba84d",
    "https://esm.sh/v135/@turf/simplify@6.5.0/denonext/simplify.mjs": "ed2e7d036e8544d6a5c157a0442fc87a3ca4071b01d891f4687a4760a7db4dd3",
    "https://esm.sh/v135/@turf/square-grid@6.5.0/denonext/square-grid.mjs": "156499f416d6805e16f91a198f8f63014974090fcad40747c363957e9825baea",
    "https://esm.sh/v135/@turf/square@6.5.0/denonext/square.mjs": "20e48ef4db133e6b2fd465491b14ad4b6450ac9cc45d3519a99e937f094524f1",
    "https://esm.sh/v135/@turf/standard-deviational-ellipse@6.5.0/denonext/standard-deviational-ellipse.mjs": "e391c868edeee9306ee9962e5a62be83703a47855b8621472d1829f64a5be0d4",
    "https://esm.sh/v135/@turf/tag@6.5.0/denonext/tag.mjs": "46f3bb3f82d55378bffb5a48814c529b1c223cb2c23d703c5de85d020d779c98",
    "https://esm.sh/v135/@turf/tesselate@6.5.0/denonext/tesselate.mjs": "228a3f15e1952c6afcf05abed7da2aadfdbb0f62c1968264a6c591a009a77f4a",
    "https://esm.sh/v135/@turf/tin@6.5.0/denonext/tin.mjs": "14f8d872e5747080c57c7b916356b3f3896aa44b0783957d2370d896667b40fd",
    "https://esm.sh/v135/@turf/transform-rotate@6.5.0/denonext/transform-rotate.mjs": "b06be0f75667c61549b3a8df2b39f86ba67ae7ab8f118cdbb8319b73cf25b387",
    "https://esm.sh/v135/@turf/transform-scale@6.5.0/denonext/transform-scale.mjs": "0fe89bc9b26771607ac58c26a90a60f17a088db46dfbade3eec1cfb335dbd600",
    "https://esm.sh/v135/@turf/transform-translate@6.5.0/denonext/transform-translate.mjs": "4fa7c7b55c64294d8933b445dff9e0d347534b43279f227a24fb577afc48f1fa",
    "https://esm.sh/v135/@turf/triangle-grid@6.5.0/denonext/triangle-grid.mjs": "81435f4dbffe15f32dd676c480f59d03ac9b5d1a26ed25083d1ffede9bd4b5cd",
    "https://esm.sh/v135/@turf/truncate@6.5.0/denonext/truncate.mjs": "79ae80724132af0d4df42422c5e16304082edec97866b5a40d8d41fc4eb55621",
    "https://esm.sh/v135/@turf/turf@6.5.0/denonext/turf.mjs": "b0bafcf920f39ee6ea3ab4d3bbb6c294a28bdf953a3928704e1e01637da82a6b",
    "https://esm.sh/v135/@turf/union@6.5.0/denonext/union.mjs": "000fa581f8692091e2099340fcef756780ea91d2730401db3ee9fbe80d51aa20",
    "https://esm.sh/v135/@turf/unkink-polygon@6.5.0/denonext/unkink-polygon.mjs": "6149029e3b708b4628466daa570a60c8f90ad8710d0afdad905289eebca19e86",
    "https://esm.sh/v135/@turf/voronoi@6.5.0/denonext/voronoi.mjs": "915907ebe63c0650608b053f4573b2bdc82573b3882dbac4e3cf6e22110f3fd2",
    "https://esm.sh/v135/call-bind@1.0.5/denonext/call-bind.mjs": "563391803b34b29184ed5efe73854c87ffc9c3d1cd4ec2091c1a2b1e2167ea88",
    "https://esm.sh/v135/call-bind@1.0.5/denonext/callBound.js": "bc9a8f2928b32f3e6a3f7f55c557e68bf05683b297fe6146eaee7a197dcdeb62",
    "https://esm.sh/v135/concaveman@1.2.1/denonext/concaveman.mjs": "87b54b5e1d3d22b5bf2145e73af69a7ee3cecdc20e4111e6340527e23e4a5517",
    "https://esm.sh/v135/d3-array@1.2.4/denonext/d3-array.mjs": "ee413c9d8dc04471c774e641ca8d616a00e4452c62d3126011ddb8e2e3fdf97d",
    "https://esm.sh/v135/d3-geo@1.7.1/denonext/d3-geo.mjs": "b312085a75f88ec7ea27a145e71c2c8b041316ee4791d77771ec5718cd73393f",
    "https://esm.sh/v135/d3-voronoi@1.1.2/denonext/d3-voronoi.mjs": "ced9affdd5f2d08f534856e4ebd1b6cef85d0bbf352a57a96758cd5e520932b3",
    "https://esm.sh/v135/deep-equal@1.1.2/denonext/deep-equal.mjs": "f1fe823498bc7a05b9c0b64abbc7d9b795e8a560f5b5fec05b55c5b43c328158",
    "https://esm.sh/v135/define-data-property@1.1.1/denonext/define-data-property.mjs": "75d78b08cc438962589822efb5946e3b8246bf9d95bedb043092f9a794876f3d",
    "https://esm.sh/v135/define-properties@1.2.1/denonext/define-properties.mjs": "bf7c6db885a842a5f7c7531646dfcc60e4458d77cf684d508abc246818d208a4",
    "https://esm.sh/v135/density-clustering@1.3.0/denonext/density-clustering.mjs": "e78d979f0ad641b6a8acecd76cc23a14a981a5878048cfa06f89e29274da7868",
    "https://esm.sh/v135/earcut@2.2.4/denonext/earcut.mjs": "e119e9d83d550927aed5f7e2dbbf173436feed9553b2ae6113cf71b3e9e9180c",
    "https://esm.sh/v135/function-bind@1.1.2/denonext/function-bind.mjs": "ba026f8203d5631c23f48de9829c300fea74e2c9b333d06e4f220ae774557ad1",
    "https://esm.sh/v135/functions-have-names@1.2.3/denonext/functions-have-names.mjs": "c35b1012e1b731a55763a9da124a4be8c64a66e11cfb6837ccd17f8dace84de2",
    "https://esm.sh/v135/geojson-equality@0.1.6/denonext/geojson-equality.mjs": "cf7b1a70000bd2d3762b0fbc6e2b9b0cde505273c575ac8081611f3d24d8d098",
    "https://esm.sh/v135/geojson-rbush@3.2.0/denonext/geojson-rbush.mjs": "2deb9fa073b8c0501bb27e1d8bf7db33472c40bd61af81a9f0e96ed4d79550c9",
    "https://esm.sh/v135/get-intrinsic@1.2.2/denonext/get-intrinsic.mjs": "f9ed58df1bb1201efc1ab14f7da5ebe5a000b220c6de9430a594d088909742d2",
    "https://esm.sh/v135/gopd@1.0.1/denonext/gopd.mjs": "9f8a99c477f272b7e75f0c1f55e43ebb57b121245f403769eb853589a8e31b49",
    "https://esm.sh/v135/has-property-descriptors@1.0.1/denonext/has-property-descriptors.mjs": "337d42b1af52a1b68ced55841674d47c33e26da3843119e98a8ae5971aaf194f",
    "https://esm.sh/v135/has-proto@1.0.1/denonext/has-proto.mjs": "443f9773e464b39534dbecaee040e5de8384e8efaeea7a6d3e333df4069d1f85",
    "https://esm.sh/v135/has-symbols@1.0.3/denonext/has-symbols.mjs": "452727b5dbec94d538c5e8e062ed82bee701c3b752eb21e6189978e92292b7c6",
    "https://esm.sh/v135/has-symbols@1.0.3/denonext/shams.js": "c2cefbc68690dfe7e9590c7720b1ff22d5b09251e936019d27e1b8d319c8fa9d",
    "https://esm.sh/v135/has-tostringtag@1.0.0/denonext/shams.js": "e14a5d2faa899e215698932e11e377693c6962aaf395634e31a053b175f4dda6",
    "https://esm.sh/v135/hasown@2.0.0/denonext/hasown.mjs": "ba954305c23d6c4059f02f6b244bdbf45349e1228e3570ea3dc096d418b9f2f8",
    "https://esm.sh/v135/ieee754@1.2.1/denonext/ieee754.mjs": "9ec2806065f50afcd4cf3f3f2f38d93e777a92a5954dda00d219f57d4b24832f",
    "https://esm.sh/v135/is-arguments@1.1.1/denonext/is-arguments.mjs": "2bcecaf6d18ce4ce96db3e7de11f10257e6b062da2b6a76f155409bba124d3a8",
    "https://esm.sh/v135/is-date-object@1.0.5/denonext/is-date-object.mjs": "428f62f8f3e1029e2552fef3237ef54d9db0577e975707616ac1c69c61f7d03b",
    "https://esm.sh/v135/is-regex@1.1.4/denonext/is-regex.mjs": "72f3d7eddb35d87e443682feefbf157406a84ca2801181eb412fb62c88607d0e",
    "https://esm.sh/v135/object-is@1.1.5/denonext/object-is.mjs": "bb1ac17586cfc00e8d42375c74749f10bb238da2d62d79f0d9056b04c86397c6",
    "https://esm.sh/v135/object-keys@1.1.1/denonext/object-keys.mjs": "9b1c41ea017ff80bc11f70885530199fbca620a7ac9b5b2bef20c8fb9829a4de",
    "https://esm.sh/v135/ol@7.2.2/denonext/format.js": "dfc515bba8f564cb4aa3d0c74465a1786627865489ad97ab2b9c460d861aa4d2",
    "https://esm.sh/v135/ol@7.2.2/denonext/proj.js": "a3420a3c35cbbcf34c16103ea0445a90bed63dbb6fd52a87c99794e4a7ef061b",
    "https://esm.sh/v135/pbf@3.2.1/denonext/pbf.mjs": "9875518b6143866afb40db3e676e52436d3b5bae9029039585c74fb7328915c6",
    "https://esm.sh/v135/point-in-polygon@1.1.0/denonext/point-in-polygon.mjs": "a123e6c7dbc3be3746b5b1f47e87e659ad6f26bcd02fff7611d5e4b83c9c324c",
    "https://esm.sh/v135/polygon-clipping@0.15.3/denonext/polygon-clipping.mjs": "acc6c6dc255b81e392c165b28512482f0d9b54da03144f79eeae58297a8ce899",
    "https://esm.sh/v135/quickselect@1.1.1/denonext/quickselect.mjs": "9c5b4f3f1de466e3e6ebf9ca4dd281a01b91ed259e449088dc26ad0e034fcaf1",
    "https://esm.sh/v135/quickselect@2.0.0/denonext/quickselect.mjs": "e03ef0934526ae4bdadb9f90f89e766294739f11ea62a7b2afc2e53069e8619b",
    "https://esm.sh/v135/rbush@2.0.2/denonext/rbush.mjs": "1ec07252d0096c955bb5cfe51f8d3e1041978ce986ffd225bea9b6440ea7b55d",
    "https://esm.sh/v135/rbush@3.0.1/denonext/rbush.mjs": "2602d31a1bfa1d72387541385e9b3ad146fb0972adcbb2400dad53f32e391e88",
    "https://esm.sh/v135/regexp.prototype.flags@1.5.1/denonext/regexp.prototype.flags.mjs": "298753de9f4a9ed98631404faa192d5f5adc8fccb5caecc0df5a3adb841caad4",
    "https://esm.sh/v135/robust-predicates@2.0.4/denonext/umd/orient2d.min.js": "890b58754301e6c6931cf93ce6c66eec71babae0d34e30d0d24e5037772102aa",
    "https://esm.sh/v135/set-function-length@1.1.1/denonext/set-function-length.mjs": "f4f9b843c715b07a2f4bd81c31bd7bc766a2de6391fe4467cfa46212ca61e695",
    "https://esm.sh/v135/set-function-name@2.0.1/denonext/set-function-name.mjs": "48dc2405114bd5abdda796807c28996dcc24d68ed8428c6559193ce82d9ba7dd",
    "https://esm.sh/v135/skmeans@0.9.7/denonext/skmeans.mjs": "496ed2a88b6cf00e67de70aa6d01ab0e9dcb532b2db275f52fc45881553461e9",
    "https://esm.sh/v135/splaytree@3.1.2/denonext/splaytree.mjs": "0bb044d03031466d8c51fa8f7d54783659e486588665323b33a5120aecd3ba9d",
    "https://esm.sh/v135/tinyqueue@2.0.3/denonext/tinyqueue.mjs": "923c24576a6f8f7a152117f311f83b97b6f5e4cc925312e6cc6a15a290b8ecea",
    "https://esm.sh/v135/topojson-client@3.1.0/denonext/topojson-client.mjs": "be4dd835dee50439be15521a32978e851181d3a8b8b61b1c040a5981d04dab6f",
    "https://esm.sh/v135/topojson-server@3.0.1/denonext/topojson-server.mjs": "7290cfe0abbf0b77b94224971d136370c25919c3dc6a7b36c49b552e1a4ed473",
    "https://esm.sh/v135/turf-jsts@1.2.3/denonext/turf-jsts.mjs": "2239465c9e5f3efc2d45a3349206ee320f7c54f1e6a85145fee4e91735757995"
  },
  "workspace": {
    "dependencies": [
      "jsr:@mys1024/worker-fn@^2.2.6"
    ],
    "packageJson": {
      "dependencies": [
        "npm:better-sqlite3@^9.5.0",
        "npm:knex@^3.1.0",
        "npm:spl.js@0.1.1"
      ]
    }
  }
}
